
Microsoft Visual Studio Solution File, Format Version 12.00
# Visual Studio Version 17
VisualStudioVersion = 17.4.33213.308
MinimumVisualStudioVersion = 10.0.40219.1
Project("{FAE04EC0-301F-11D3-BF4B-00C04F79EFBC}") = "MementoPattern", "MementoPattern\MementoPattern.csproj", "{B52E63B8-3C3D-488F-9CCE-3C2AC62506AA}"
EndProject
Project("{FAE04EC0-301F-11D3-BF4B-00C04F79EFBC}") = "StatePattern", "StatePattern\StatePattern.csproj", "{B7898BDB-6113-4C86-B2A6-03DE34147635}"
EndProject
Project("{FAE04EC0-301F-11D3-BF4B-00C04F79EFBC}") = "IteratorPattern", "IteratorPattern\IteratorPattern.csproj", "{821DD139-1152-4488-A4CB-3FC4A5656DED}"
EndProject
Project("{FAE04EC0-301F-11D3-BF4B-00C04F79EFBC}") = "StrategyPattern", "StrategyPattern\StrategyPattern.csproj", "{534B9083-E779-431E-9840-45667ACF44CC}"
EndProject
Project("{FAE04EC0-301F-11D3-BF4B-00C04F79EFBC}") = "TemplateMethodPattern", "TemplateMethodPattern\TemplateMethodPattern.csproj", "{88435207-7EEE-46C4-A611-155E5480EA41}"
EndProject
Global
	GlobalSection(SolutionConfigurationPlatforms) = preSolution
		Debug|Any CPU = Debug|Any CPU
		Release|Any CPU = Release|Any CPU
	EndGlobalSection
	GlobalSection(ProjectConfigurationPlatforms) = postSolution
		{B52E63B8-3C3D-488F-9CCE-3C2AC62506AA}.Debug|Any CPU.ActiveCfg = Debug|Any CPU
		{B52E63B8-3C3D-488F-9CCE-3C2AC62506AA}.Debug|Any CPU.Build.0 = Debug|Any CPU
		{B52E63B8-3C3D-488F-9CCE-3C2AC62506AA}.Release|Any CPU.ActiveCfg = Release|Any CPU
		{B52E63B8-3C3D-488F-9CCE-3C2AC62506AA}.Release|Any CPU.Build.0 = Release|Any CPU
		{B7898BDB-6113-4C86-B2A6-03DE34147635}.Debug|Any CPU.ActiveCfg = Debug|Any CPU
		{B7898BDB-6113-4C86-B2A6-03DE34147635}.Debug|Any CPU.Build.0 = Debug|Any CPU
		{B7898BDB-6113-4C86-B2A6-03DE34147635}.Release|Any CPU.ActiveCfg = Release|Any CPU
		{B7898BDB-6113-4C86-B2A6-03DE34147635}.Release|Any CPU.Build.0 = Release|Any CPU
		{821DD139-1152-4488-A4CB-3FC4A5656DED}.Debug|Any CPU.ActiveCfg = Debug|Any CPU
		{821DD139-1152-4488-A4CB-3FC4A5656DED}.Debug|Any CPU.Build.0 = Debug|Any CPU
		{821DD139-1152-4488-A4CB-3FC4A5656DED}.Release|Any CPU.ActiveCfg = Release|Any CPU
		{821DD139-1152-4488-A4CB-3FC4A5656DED}.Release|Any CPU.Build.0 = Release|Any CPU
		{534B9083-E779-431E-9840-45667ACF44CC}.Debug|Any CPU.ActiveCfg = Debug|Any CPU
		{534B9083-E779-431E-9840-45667ACF44CC}.Debug|Any CPU.Build.0 = Debug|Any CPU
		{534B9083-E779-431E-9840-45667ACF44CC}.Release|Any CPU.ActiveCfg = Release|Any CPU
		{534B9083-E779-431E-9840-45667ACF44CC}.Release|Any CPU.Build.0 = Release|Any CPU
		{88435207-7EEE-46C4-A611-155E5480EA41}.Debug|Any CPU.ActiveCfg = Debug|Any CPU
		{88435207-7EEE-46C4-A611-155E5480EA41}.Debug|Any CPU.Build.0 = Debug|Any CPU
		{88435207-7EEE-46C4-A611-155E5480EA41}.Release|Any CPU.ActiveCfg = Release|Any CPU
		{88435207-7EEE-46C4-A611-155E5480EA41}.Release|Any CPU.Build.0 = Release|Any CPU
	EndGlobalSection
	GlobalSection(SolutionProperties) = preSolution
		HideSolutionNode = FALSE
	EndGlobalSection
	GlobalSection(ExtensibilityGlobals) = postSolution
		SolutionGuid = {7C7198BA-9F9D-4D26-B83B-6FEE98660148}
	EndGlobalSection
EndGlobal
